
Microsoft Visual Studio Solution File, Format Version 12.00
# Visual Studio Version 16
VisualStudioVersion = 16.0.30907.101
MinimumVisualStudioVersion = 10.0.40219.1
Project("{FAE04EC0-301F-11D3-BF4B-00C04F79EFBC}") = "CursoMVC", "CursoMVC\CursoMVC.csproj", "{B3DFEDB2-8589-4016-B0AE-194DCFDDEDB4}"
EndProject
Global
	GlobalSection(SolutionConfigurationPlatforms) = preSolution
		Debug|Any CPU = Debug|Any CPU
		Release|Any CPU = Release|Any CPU
	EndGlobalSection
	GlobalSection(ProjectConfigurationPlatforms) = postSolution
		{B3DFEDB2-8589-4016-B0AE-194DCFDDEDB4}.Debug|Any CPU.ActiveCfg = Debug|Any CPU
		{B3DFEDB2-8589-4016-B0AE-194DCFDDEDB4}.Debug|Any CPU.Build.0 = Debug|Any CPU
		{B3DFEDB2-8589-4016-B0AE-194DCFDDEDB4}.Release|Any CPU.ActiveCfg = Release|Any CPU
		{B3DFEDB2-8589-4016-B0AE-194DCFDDEDB4}.Release|Any CPU.Build.0 = Release|Any CPU
	EndGlobalSection
	GlobalSection(SolutionProperties) = preSolution
		HideSolutionNode = FALSE
	EndGlobalSection
	GlobalSection(ExtensibilityGlobals) = postSolution
		SolutionGuid = {4635D840-ADF1-4787-B936-F0B3B4CBAD1E}
	EndGlobalSection
EndGlobal
